
Microsoft Visual Studio Solution File, Format Version 12.00
# Visual Studio Version 16
VisualStudioVersion = 16.0.30804.86
MinimumVisualStudioVersion = 10.0.40219.1
Project("{FAE04EC0-301F-11D3-BF4B-00C04F79EFBC}") = "WPF_Demo", "WPF_Demo\WPF_Demo.csproj", "{B5B7A2FD-0B14-4278-A474-743F54748E28}"
EndProject
Global
	GlobalSection(SolutionConfigurationPlatforms) = preSolution
		Debug|Any CPU = Debug|Any CPU
		Release|Any CPU = Release|Any CPU
	EndGlobalSection
	GlobalSection(ProjectConfigurationPlatforms) = postSolution
		{B5B7A2FD-0B14-4278-A474-743F54748E28}.Debug|Any CPU.ActiveCfg = Debug|Any CPU
		{B5B7A2FD-0B14-4278-A474-743F54748E28}.Debug|Any CPU.Build.0 = Debug|Any CPU
		{B5B7A2FD-0B14-4278-A474-743F54748E28}.Release|Any CPU.ActiveCfg = Release|Any CPU
		{B5B7A2FD-0B14-4278-A474-743F54748E28}.Release|Any CPU.Build.0 = Release|Any CPU
	EndGlobalSection
	GlobalSection(SolutionProperties) = preSolution
		HideSolutionNode = FALSE
	EndGlobalSection
	GlobalSection(ExtensibilityGlobals) = postSolution
		SolutionGuid = {FE354213-C29E-4F7B-9803-BCD747EB8956}
	EndGlobalSection
EndGlobal
