
Microsoft Visual Studio Solution File, Format Version 12.00
# Visual Studio Version 16
VisualStudioVersion = 16.0.30523.141
MinimumVisualStudioVersion = 10.0.40219.1
Project("{FAE04EC0-301F-11D3-BF4B-00C04F79EFBC}") = "C-Sharp-Forum1", "C-Sharp-Forum1\C-Sharp-Forum1.csproj", "{23875764-166A-44DA-8B17-79F56DEC088F}"
EndProject
Global
	GlobalSection(SolutionConfigurationPlatforms) = preSolution
		Debug|Any CPU = Debug|Any CPU
		Release|Any CPU = Release|Any CPU
	EndGlobalSection
	GlobalSection(ProjectConfigurationPlatforms) = postSolution
		{23875764-166A-44DA-8B17-79F56DEC088F}.Debug|Any CPU.ActiveCfg = Debug|Any CPU
		{23875764-166A-44DA-8B17-79F56DEC088F}.Debug|Any CPU.Build.0 = Debug|Any CPU
		{23875764-166A-44DA-8B17-79F56DEC088F}.Release|Any CPU.ActiveCfg = Release|Any CPU
		{23875764-166A-44DA-8B17-79F56DEC088F}.Release|Any CPU.Build.0 = Release|Any CPU
	EndGlobalSection
	GlobalSection(SolutionProperties) = preSolution
		HideSolutionNode = FALSE
	EndGlobalSection
	GlobalSection(ExtensibilityGlobals) = postSolution
		SolutionGuid = {F6667C1E-8E45-4770-9036-3054F6524A7C}
	EndGlobalSection
EndGlobal
