
Microsoft Visual Studio Solution File, Format Version 12.00
# Visual Studio Version 16
VisualStudioVersion = 16.0.30523.141
MinimumVisualStudioVersion = 10.0.40219.1
Project("{FAE04EC0-301F-11D3-BF4B-00C04F79EFBC}") = "C-Sharp-Forum0", "C-Sharp-Forum0\C-Sharp-Forum0.csproj", "{BEB64091-9152-4DAF-AEB4-E3D46C991BEA}"
EndProject
Global
	GlobalSection(SolutionConfigurationPlatforms) = preSolution
		Debug|Any CPU = Debug|Any CPU
		Release|Any CPU = Release|Any CPU
	EndGlobalSection
	GlobalSection(ProjectConfigurationPlatforms) = postSolution
		{BEB64091-9152-4DAF-AEB4-E3D46C991BEA}.Debug|Any CPU.ActiveCfg = Debug|Any CPU
		{BEB64091-9152-4DAF-AEB4-E3D46C991BEA}.Debug|Any CPU.Build.0 = Debug|Any CPU
		{BEB64091-9152-4DAF-AEB4-E3D46C991BEA}.Release|Any CPU.ActiveCfg = Release|Any CPU
		{BEB64091-9152-4DAF-AEB4-E3D46C991BEA}.Release|Any CPU.Build.0 = Release|Any CPU
	EndGlobalSection
	GlobalSection(SolutionProperties) = preSolution
		HideSolutionNode = FALSE
	EndGlobalSection
	GlobalSection(ExtensibilityGlobals) = postSolution
		SolutionGuid = {12905D16-D9BC-44CA-B61B-8A79BB8A06A7}
	EndGlobalSection
EndGlobal
