
Microsoft Visual Studio Solution File, Format Version 12.00
# Visual Studio Version 16
VisualStudioVersion = 16.0.30804.86
MinimumVisualStudioVersion = 10.0.40219.1
Project("{FAE04EC0-301F-11D3-BF4B-00C04F79EFBC}") = "Olymp2021", "Olymp2021\Olymp2021.csproj", "{F5EF8CF4-3E1E-4C9D-8115-756B1A7ED0AA}"
EndProject
Global
	GlobalSection(SolutionConfigurationPlatforms) = preSolution
		Debug|Any CPU = Debug|Any CPU
		Release|Any CPU = Release|Any CPU
	EndGlobalSection
	GlobalSection(ProjectConfigurationPlatforms) = postSolution
		{F5EF8CF4-3E1E-4C9D-8115-756B1A7ED0AA}.Debug|Any CPU.ActiveCfg = Debug|Any CPU
		{F5EF8CF4-3E1E-4C9D-8115-756B1A7ED0AA}.Debug|Any CPU.Build.0 = Debug|Any CPU
		{F5EF8CF4-3E1E-4C9D-8115-756B1A7ED0AA}.Release|Any CPU.ActiveCfg = Release|Any CPU
		{F5EF8CF4-3E1E-4C9D-8115-756B1A7ED0AA}.Release|Any CPU.Build.0 = Release|Any CPU
	EndGlobalSection
	GlobalSection(SolutionProperties) = preSolution
		HideSolutionNode = FALSE
	EndGlobalSection
	GlobalSection(ExtensibilityGlobals) = postSolution
		SolutionGuid = {CC120D91-FF23-4F89-9007-B538C4CACE54}
	EndGlobalSection
EndGlobal
