
Microsoft Visual Studio Solution File, Format Version 12.00
# Visual Studio Version 16
VisualStudioVersion = 16.0.30717.126
MinimumVisualStudioVersion = 10.0.40219.1
Project("{2150E333-8FDC-42A3-9474-1A3956D46DE8}") = "ConsoleApp", "ConsoleApp", "{7CA78687-E2F6-48B3-AC70-B2A523CA8855}"
EndProject
Project("{2150E333-8FDC-42A3-9474-1A3956D46DE8}") = "WPF", "WPF", "{0798AEC0-4BE3-4228-896F-745C12A4D836}"
EndProject
Project("{2150E333-8FDC-42A3-9474-1A3956D46DE8}") = "27.11.2020", "27.11.2020", "{A9F8AA45-09F9-4CE2-ACFA-08F3F4D6EFB9}"
EndProject
Project("{FAE04EC0-301F-11D3-BF4B-00C04F79EFBC}") = "ConsoleApp1", "ConsoleApp\11.27.2020\ConsoleApp1\ConsoleApp1.csproj", "{41B982C0-313C-43F4-BC37-C0EAC6B9FE00}"
EndProject
Project("{2150E333-8FDC-42A3-9474-1A3956D46DE8}") = "29.11.2020", "29.11.2020", "{BE58DCA5-2505-4B98-9383-E401028FB79B}"
EndProject
Project("{FAE04EC0-301F-11D3-BF4B-00C04F79EFBC}") = "wpf-1", "WPF\29.11.2020\wpf-1\wpf-1.csproj", "{8FD873AB-E01A-49E1-ABC8-C0056E8D5822}"
EndProject
Project("{2150E333-8FDC-42A3-9474-1A3956D46DE8}") = "WPF-1", "WPF-1", "{DB677C29-333C-4DFC-8FFE-97B8F085C361}"
EndProject
Project("{FAE04EC0-301F-11D3-BF4B-00C04F79EFBC}") = "WPF-1", "WPF\WPF-1\WPF-1\WPF-1.csproj", "{572C8DDE-B615-486A-B4C0-5A3F95812773}"
EndProject
Global
	GlobalSection(SolutionConfigurationPlatforms) = preSolution
		Debug|Any CPU = Debug|Any CPU
		Release|Any CPU = Release|Any CPU
	EndGlobalSection
	GlobalSection(ProjectConfigurationPlatforms) = postSolution
		{41B982C0-313C-43F4-BC37-C0EAC6B9FE00}.Debug|Any CPU.ActiveCfg = Debug|Any CPU
		{41B982C0-313C-43F4-BC37-C0EAC6B9FE00}.Debug|Any CPU.Build.0 = Debug|Any CPU
		{41B982C0-313C-43F4-BC37-C0EAC6B9FE00}.Release|Any CPU.ActiveCfg = Release|Any CPU
		{41B982C0-313C-43F4-BC37-C0EAC6B9FE00}.Release|Any CPU.Build.0 = Release|Any CPU
		{8FD873AB-E01A-49E1-ABC8-C0056E8D5822}.Debug|Any CPU.ActiveCfg = Debug|Any CPU
		{8FD873AB-E01A-49E1-ABC8-C0056E8D5822}.Debug|Any CPU.Build.0 = Debug|Any CPU
		{8FD873AB-E01A-49E1-ABC8-C0056E8D5822}.Release|Any CPU.ActiveCfg = Release|Any CPU
		{8FD873AB-E01A-49E1-ABC8-C0056E8D5822}.Release|Any CPU.Build.0 = Release|Any CPU
		{572C8DDE-B615-486A-B4C0-5A3F95812773}.Debug|Any CPU.ActiveCfg = Debug|Any CPU
		{572C8DDE-B615-486A-B4C0-5A3F95812773}.Debug|Any CPU.Build.0 = Debug|Any CPU
		{572C8DDE-B615-486A-B4C0-5A3F95812773}.Release|Any CPU.ActiveCfg = Release|Any CPU
		{572C8DDE-B615-486A-B4C0-5A3F95812773}.Release|Any CPU.Build.0 = Release|Any CPU
	EndGlobalSection
	GlobalSection(SolutionProperties) = preSolution
		HideSolutionNode = FALSE
	EndGlobalSection
	GlobalSection(NestedProjects) = preSolution
		{A9F8AA45-09F9-4CE2-ACFA-08F3F4D6EFB9} = {7CA78687-E2F6-48B3-AC70-B2A523CA8855}
		{41B982C0-313C-43F4-BC37-C0EAC6B9FE00} = {A9F8AA45-09F9-4CE2-ACFA-08F3F4D6EFB9}
		{BE58DCA5-2505-4B98-9383-E401028FB79B} = {0798AEC0-4BE3-4228-896F-745C12A4D836}
		{8FD873AB-E01A-49E1-ABC8-C0056E8D5822} = {BE58DCA5-2505-4B98-9383-E401028FB79B}
		{DB677C29-333C-4DFC-8FFE-97B8F085C361} = {0798AEC0-4BE3-4228-896F-745C12A4D836}
		{572C8DDE-B615-486A-B4C0-5A3F95812773} = {DB677C29-333C-4DFC-8FFE-97B8F085C361}
	EndGlobalSection
	GlobalSection(ExtensibilityGlobals) = postSolution
		SolutionGuid = {D7F1DE46-26F0-4B2D-A78D-BB99E2C8BC8D}
	EndGlobalSection
EndGlobal
